# BTC 碰撞引擎 - 生产依赖版本锁定
# 生成日期: 2026-05-01
# 基于 pyproject.toml 约束校验生成
# 仅包含生产依赖 (requirements-base.txt + requirements-gpu.txt)
#
# 使用方式: pip install -r requirements.lock

bech32==1.2.0
bitarray==3.8.1
cachetools==7.0.6
cffi==2.0.0
chardet==5.2.0
coincurve==21.0.0
cryptography==43.0.3
ecdsa==0.19.2
gmpy2==2.3.0
jsonschema==4.26.0
numpy==2.4.4
psutil==7.2.2
pybloom_live==4.0.0
pycryptodome==3.23.0
PyNaCl==1.6.2
pyopencl==2026.1.2
requests==2.33.1
rich==15.0.0
setproctitle==1.3.7
